
Microsoft Visual Studio Solution File, Format Version 12.00
# Visual Studio 15
VisualStudioVersion = 15.0.28307.168
MinimumVisualStudioVersion = 10.0.40219.1
Project("{888888A0-9F3D-457C-B088-3A5042F75D52}") = "IntroducingTensorFlow", "IntroducingTensorFlow\IntroducingTensorFlow.pyproj", "{EA6A9A41-C1A6-485A-9007-433EB8D819A7}"
EndProject
Project("{888888A0-9F3D-457C-B088-3A5042F75D52}") = "CreatingNeuralNetworksInTensorFlow", "CreatingNeuralNetworksInTensorFlow\CreatingNeuralNetworksInTensorFlow.pyproj", "{1735F87F-D52C-4D25-ABBD-99BD13C99228}"
EndProject
Project("{888888A0-9F3D-457C-B088-3A5042F75D52}") = "DebuggingAndMonitoring", "DebuggingAndMonitoring\DebuggingAndMonitoring.pyproj", "{F75F1992-92F3-4161-85DD-4B081838DA96}"
EndProject
Project("{888888A0-9F3D-457C-B088-3A5042F75D52}") = "TransferLearningWithTensorFlow", "TransferLearningWithTensorFlow\TransferLearningWithTensorFlow.pyproj", "{5B656B65-D724-4406-9FCD-019EB212F839}"
EndProject
Project("{888888A0-9F3D-457C-B088-3A5042F75D52}") = "ExtendingTensorFlowWithAdd_Ons", "ExtendingTensorFlowWithAdd_Ons\ExtendingTensorFlowWithAdd_Ons.pyproj", "{592B8569-BFDC-45D4-B73E-D94C2379B350}"
EndProject
Global
	GlobalSection(SolutionConfigurationPlatforms) = preSolution
		Debug|Any CPU = Debug|Any CPU
		Release|Any CPU = Release|Any CPU
	EndGlobalSection
	GlobalSection(ProjectConfigurationPlatforms) = postSolution
		{EA6A9A41-C1A6-485A-9007-433EB8D819A7}.Debug|Any CPU.ActiveCfg = Debug|Any CPU
		{EA6A9A41-C1A6-485A-9007-433EB8D819A7}.Release|Any CPU.ActiveCfg = Release|Any CPU
		{1735F87F-D52C-4D25-ABBD-99BD13C99228}.Debug|Any CPU.ActiveCfg = Debug|Any CPU
		{1735F87F-D52C-4D25-ABBD-99BD13C99228}.Release|Any CPU.ActiveCfg = Release|Any CPU
		{F75F1992-92F3-4161-85DD-4B081838DA96}.Debug|Any CPU.ActiveCfg = Debug|Any CPU
		{F75F1992-92F3-4161-85DD-4B081838DA96}.Release|Any CPU.ActiveCfg = Release|Any CPU
		{5B656B65-D724-4406-9FCD-019EB212F839}.Debug|Any CPU.ActiveCfg = Debug|Any CPU
		{5B656B65-D724-4406-9FCD-019EB212F839}.Release|Any CPU.ActiveCfg = Release|Any CPU
		{592B8569-BFDC-45D4-B73E-D94C2379B350}.Debug|Any CPU.ActiveCfg = Debug|Any CPU
		{592B8569-BFDC-45D4-B73E-D94C2379B350}.Release|Any CPU.ActiveCfg = Release|Any CPU
	EndGlobalSection
	GlobalSection(SolutionProperties) = preSolution
		HideSolutionNode = FALSE
	EndGlobalSection
	GlobalSection(ExtensibilityGlobals) = postSolution
		SolutionGuid = {C50228A3-BB58-47D7-BE22-7735E0FCD141}
	EndGlobalSection
EndGlobal
