
Microsoft Visual Studio Solution File, Format Version 12.00
# Visual Studio 15
VisualStudioVersion = 15.0.28307.168
MinimumVisualStudioVersion = 10.0.40219.1
Project("{888888A0-9F3D-457C-B088-3A5042F75D52}") = "Introduction", "Introduction\Introduction.pyproj", "{962D18D8-85ED-4597-BA2B-75576A663B0B}"
EndProject
Project("{888888A0-9F3D-457C-B088-3A5042F75D52}") = "VisualizingData", "VisualizingData\VisualizingData.pyproj", "{08B59E7A-07E4-443E-AFAC-FA296127DBE2}"
EndProject
Project("{888888A0-9F3D-457C-B088-3A5042F75D52}") = "LinearAlgebra", "LinearAlgebra\LinearAlgebra.pyproj", "{049AB6F0-0AED-4178-BC2B-0451CA9B8ADD}"
EndProject
Project("{888888A0-9F3D-457C-B088-3A5042F75D52}") = "Statistics", "Statistics\Statistics.pyproj", "{515E18CB-C3DC-4D47-9163-F5AAAB0DFCD9}"
EndProject
Project("{888888A0-9F3D-457C-B088-3A5042F75D52}") = "Probability", "Probability\Probability.pyproj", "{5BCF28E4-EE42-4963-AD9D-88683020B7C4}"
EndProject
Project("{888888A0-9F3D-457C-B088-3A5042F75D52}") = "HypothesisAndInference", "HypothesisAndInference\HypothesisAndInference.pyproj", "{BF7D884E-F986-45E7-A0C6-0D1A0F61576E}"
EndProject
Project("{888888A0-9F3D-457C-B088-3A5042F75D52}") = "GradientDescent", "GradientDescent\GradientDescent.pyproj", "{91156103-BA1E-4151-BEB3-447E4974E47D}"
EndProject
Project("{888888A0-9F3D-457C-B088-3A5042F75D52}") = "GettingData", "GettingData\GettingData.pyproj", "{E7E3EC34-FA01-410C-8872-A4754FA9E8B7}"
EndProject
Project("{888888A0-9F3D-457C-B088-3A5042F75D52}") = "WorkingWithData", "WorkingWithData\WorkingWithData.pyproj", "{D990AA29-E894-4C62-826E-F95FB0BA3165}"
EndProject
Project("{888888A0-9F3D-457C-B088-3A5042F75D52}") = "MachineLearning", "MachineLearning\MachineLearning.pyproj", "{778D2829-F894-45B8-BB2A-C0942CDB9E65}"
EndProject
Project("{888888A0-9F3D-457C-B088-3A5042F75D52}") = "K_NearestNeighbours", "K_NearestNeighbours\K_NearestNeighbours.pyproj", "{918B9B4C-5276-4B44-A693-223147895098}"
EndProject
Project("{888888A0-9F3D-457C-B088-3A5042F75D52}") = "NaiveBayes", "NaiveBayes\NaiveBayes.pyproj", "{DD5C9C65-77C0-4FDC-B926-502363612FB1}"
EndProject
Project("{888888A0-9F3D-457C-B088-3A5042F75D52}") = "SimpleLinearRegression", "SimpleLinearRegression\SimpleLinearRegression.pyproj", "{FAB0D80E-DA6D-4A54-B4B8-23247274D769}"
EndProject
Project("{888888A0-9F3D-457C-B088-3A5042F75D52}") = "MultipleRegression", "MultipleRegression\MultipleRegression.pyproj", "{202A8FBC-3589-4053-A197-A6D11FB17544}"
EndProject
Global
	GlobalSection(SolutionConfigurationPlatforms) = preSolution
		Debug|Any CPU = Debug|Any CPU
		Release|Any CPU = Release|Any CPU
	EndGlobalSection
	GlobalSection(ProjectConfigurationPlatforms) = postSolution
		{962D18D8-85ED-4597-BA2B-75576A663B0B}.Debug|Any CPU.ActiveCfg = Debug|Any CPU
		{962D18D8-85ED-4597-BA2B-75576A663B0B}.Release|Any CPU.ActiveCfg = Release|Any CPU
		{08B59E7A-07E4-443E-AFAC-FA296127DBE2}.Debug|Any CPU.ActiveCfg = Debug|Any CPU
		{08B59E7A-07E4-443E-AFAC-FA296127DBE2}.Release|Any CPU.ActiveCfg = Release|Any CPU
		{049AB6F0-0AED-4178-BC2B-0451CA9B8ADD}.Debug|Any CPU.ActiveCfg = Debug|Any CPU
		{049AB6F0-0AED-4178-BC2B-0451CA9B8ADD}.Release|Any CPU.ActiveCfg = Release|Any CPU
		{515E18CB-C3DC-4D47-9163-F5AAAB0DFCD9}.Debug|Any CPU.ActiveCfg = Debug|Any CPU
		{515E18CB-C3DC-4D47-9163-F5AAAB0DFCD9}.Release|Any CPU.ActiveCfg = Release|Any CPU
		{5BCF28E4-EE42-4963-AD9D-88683020B7C4}.Debug|Any CPU.ActiveCfg = Debug|Any CPU
		{5BCF28E4-EE42-4963-AD9D-88683020B7C4}.Release|Any CPU.ActiveCfg = Release|Any CPU
		{BF7D884E-F986-45E7-A0C6-0D1A0F61576E}.Debug|Any CPU.ActiveCfg = Debug|Any CPU
		{BF7D884E-F986-45E7-A0C6-0D1A0F61576E}.Release|Any CPU.ActiveCfg = Release|Any CPU
		{91156103-BA1E-4151-BEB3-447E4974E47D}.Debug|Any CPU.ActiveCfg = Debug|Any CPU
		{91156103-BA1E-4151-BEB3-447E4974E47D}.Release|Any CPU.ActiveCfg = Release|Any CPU
		{E7E3EC34-FA01-410C-8872-A4754FA9E8B7}.Debug|Any CPU.ActiveCfg = Debug|Any CPU
		{E7E3EC34-FA01-410C-8872-A4754FA9E8B7}.Release|Any CPU.ActiveCfg = Release|Any CPU
		{D990AA29-E894-4C62-826E-F95FB0BA3165}.Debug|Any CPU.ActiveCfg = Debug|Any CPU
		{D990AA29-E894-4C62-826E-F95FB0BA3165}.Release|Any CPU.ActiveCfg = Release|Any CPU
		{778D2829-F894-45B8-BB2A-C0942CDB9E65}.Debug|Any CPU.ActiveCfg = Debug|Any CPU
		{778D2829-F894-45B8-BB2A-C0942CDB9E65}.Release|Any CPU.ActiveCfg = Release|Any CPU
		{918B9B4C-5276-4B44-A693-223147895098}.Debug|Any CPU.ActiveCfg = Debug|Any CPU
		{918B9B4C-5276-4B44-A693-223147895098}.Release|Any CPU.ActiveCfg = Release|Any CPU
		{DD5C9C65-77C0-4FDC-B926-502363612FB1}.Debug|Any CPU.ActiveCfg = Debug|Any CPU
		{DD5C9C65-77C0-4FDC-B926-502363612FB1}.Release|Any CPU.ActiveCfg = Release|Any CPU
		{FAB0D80E-DA6D-4A54-B4B8-23247274D769}.Debug|Any CPU.ActiveCfg = Debug|Any CPU
		{FAB0D80E-DA6D-4A54-B4B8-23247274D769}.Release|Any CPU.ActiveCfg = Release|Any CPU
		{202A8FBC-3589-4053-A197-A6D11FB17544}.Debug|Any CPU.ActiveCfg = Debug|Any CPU
		{202A8FBC-3589-4053-A197-A6D11FB17544}.Release|Any CPU.ActiveCfg = Release|Any CPU
	EndGlobalSection
	GlobalSection(SolutionProperties) = preSolution
		HideSolutionNode = FALSE
	EndGlobalSection
	GlobalSection(ExtensibilityGlobals) = postSolution
		SolutionGuid = {50D7B258-2292-40B4-A988-B2A6CA17AF7F}
	EndGlobalSection
EndGlobal
