
Microsoft Visual Studio Solution File, Format Version 12.00
# Visual Studio 15
VisualStudioVersion = 15.0.28307.168
MinimumVisualStudioVersion = 10.0.40219.1
Project("{888888A0-9F3D-457C-B088-3A5042F75D52}") = "Introduction", "Introduction\Introduction.pyproj", "{962D18D8-85ED-4597-BA2B-75576A663B0B}"
EndProject
Project("{888888A0-9F3D-457C-B088-3A5042F75D52}") = "VisualizingData", "VisualizingData\VisualizingData.pyproj", "{08B59E7A-07E4-443E-AFAC-FA296127DBE2}"
EndProject
Project("{888888A0-9F3D-457C-B088-3A5042F75D52}") = "LinearAlgebra", "LinearAlgebra\LinearAlgebra.pyproj", "{049AB6F0-0AED-4178-BC2B-0451CA9B8ADD}"
EndProject
Project("{888888A0-9F3D-457C-B088-3A5042F75D52}") = "Statistics", "Statistics\Statistics.pyproj", "{515E18CB-C3DC-4D47-9163-F5AAAB0DFCD9}"
EndProject
Global
	GlobalSection(SolutionConfigurationPlatforms) = preSolution
		Debug|Any CPU = Debug|Any CPU
		Release|Any CPU = Release|Any CPU
	EndGlobalSection
	GlobalSection(ProjectConfigurationPlatforms) = postSolution
		{962D18D8-85ED-4597-BA2B-75576A663B0B}.Debug|Any CPU.ActiveCfg = Debug|Any CPU
		{962D18D8-85ED-4597-BA2B-75576A663B0B}.Release|Any CPU.ActiveCfg = Release|Any CPU
		{08B59E7A-07E4-443E-AFAC-FA296127DBE2}.Debug|Any CPU.ActiveCfg = Debug|Any CPU
		{08B59E7A-07E4-443E-AFAC-FA296127DBE2}.Release|Any CPU.ActiveCfg = Release|Any CPU
		{049AB6F0-0AED-4178-BC2B-0451CA9B8ADD}.Debug|Any CPU.ActiveCfg = Debug|Any CPU
		{049AB6F0-0AED-4178-BC2B-0451CA9B8ADD}.Release|Any CPU.ActiveCfg = Release|Any CPU
		{515E18CB-C3DC-4D47-9163-F5AAAB0DFCD9}.Debug|Any CPU.ActiveCfg = Debug|Any CPU
		{515E18CB-C3DC-4D47-9163-F5AAAB0DFCD9}.Release|Any CPU.ActiveCfg = Release|Any CPU
	EndGlobalSection
	GlobalSection(SolutionProperties) = preSolution
		HideSolutionNode = FALSE
	EndGlobalSection
	GlobalSection(ExtensibilityGlobals) = postSolution
		SolutionGuid = {50D7B258-2292-40B4-A988-B2A6CA17AF7F}
	EndGlobalSection
EndGlobal
