
Microsoft Visual Studio Solution File, Format Version 12.00
# Visual Studio 15
VisualStudioVersion = 15.0.28307.168
MinimumVisualStudioVersion = 10.0.40219.1
Project("{8BC9CEB8-8B4A-11D0-8D11-00A0C91BC942}") = "SampleCPP", "SampleCPP\SampleCPP.vcxproj", "{5E93F38E-A29D-4CBB-BD70-010F7F98D933}"
EndProject
Global
	GlobalSection(SolutionConfigurationPlatforms) = preSolution
		Debug|x64 = Debug|x64
		Debug|x86 = Debug|x86
		Release|x64 = Release|x64
		Release|x86 = Release|x86
	EndGlobalSection
	GlobalSection(ProjectConfigurationPlatforms) = postSolution
		{5E93F38E-A29D-4CBB-BD70-010F7F98D933}.Debug|x64.ActiveCfg = Debug|x64
		{5E93F38E-A29D-4CBB-BD70-010F7F98D933}.Debug|x64.Build.0 = Debug|x64
		{5E93F38E-A29D-4CBB-BD70-010F7F98D933}.Debug|x86.ActiveCfg = Debug|Win32
		{5E93F38E-A29D-4CBB-BD70-010F7F98D933}.Debug|x86.Build.0 = Debug|Win32
		{5E93F38E-A29D-4CBB-BD70-010F7F98D933}.Release|x64.ActiveCfg = Release|x64
		{5E93F38E-A29D-4CBB-BD70-010F7F98D933}.Release|x64.Build.0 = Release|x64
		{5E93F38E-A29D-4CBB-BD70-010F7F98D933}.Release|x86.ActiveCfg = Release|Win32
		{5E93F38E-A29D-4CBB-BD70-010F7F98D933}.Release|x86.Build.0 = Release|Win32
	EndGlobalSection
	GlobalSection(SolutionProperties) = preSolution
		HideSolutionNode = FALSE
	EndGlobalSection
	GlobalSection(ExtensibilityGlobals) = postSolution
		SolutionGuid = {907184D7-7789-46AD-85C9-090E84D6C598}
	EndGlobalSection
EndGlobal
