
Microsoft Visual Studio Solution File, Format Version 12.00
# Visual Studio 15
VisualStudioVersion = 15.0.28307.168
MinimumVisualStudioVersion = 10.0.40219.1
Project("{888888A0-9F3D-457C-B088-3A5042F75D52}") = "BuildingAnANN", "BuildingAnANN\BuildingAnANN.pyproj", "{6817CDF0-07E4-489F-9379-5042C1E13A33}"
EndProject
Project("{888888A0-9F3D-457C-B088-3A5042F75D52}") = "BuildingCNN", "BuildingCNN\BuildingCNN.pyproj", "{F43252CD-E123-4CEE-9B16-7276210B44A1}"
EndProject
Project("{888888A0-9F3D-457C-B088-3A5042F75D52}") = "BuildingRNN", "BuildingRNN\BuildingRNN.pyproj", "{E7B149F0-D627-4560-87AB-2230F8B974FC}"
EndProject
Project("{888888A0-9F3D-457C-B088-3A5042F75D52}") = "BuildingSOM", "BuildingSOM\BuildingSOM.pyproj", "{B01B8E53-638B-4EB3-8EB1-287DA963256D}"
EndProject
Global
	GlobalSection(SolutionConfigurationPlatforms) = preSolution
		Debug|Any CPU = Debug|Any CPU
		Release|Any CPU = Release|Any CPU
	EndGlobalSection
	GlobalSection(ProjectConfigurationPlatforms) = postSolution
		{6817CDF0-07E4-489F-9379-5042C1E13A33}.Debug|Any CPU.ActiveCfg = Debug|Any CPU
		{6817CDF0-07E4-489F-9379-5042C1E13A33}.Release|Any CPU.ActiveCfg = Release|Any CPU
		{F43252CD-E123-4CEE-9B16-7276210B44A1}.Debug|Any CPU.ActiveCfg = Debug|Any CPU
		{F43252CD-E123-4CEE-9B16-7276210B44A1}.Release|Any CPU.ActiveCfg = Release|Any CPU
		{E7B149F0-D627-4560-87AB-2230F8B974FC}.Debug|Any CPU.ActiveCfg = Debug|Any CPU
		{E7B149F0-D627-4560-87AB-2230F8B974FC}.Release|Any CPU.ActiveCfg = Release|Any CPU
		{B01B8E53-638B-4EB3-8EB1-287DA963256D}.Debug|Any CPU.ActiveCfg = Debug|Any CPU
		{B01B8E53-638B-4EB3-8EB1-287DA963256D}.Release|Any CPU.ActiveCfg = Release|Any CPU
	EndGlobalSection
	GlobalSection(SolutionProperties) = preSolution
		HideSolutionNode = FALSE
	EndGlobalSection
	GlobalSection(ExtensibilityGlobals) = postSolution
		SolutionGuid = {9CF7F1F4-6CA4-4914-A117-C291BB27FC96}
	EndGlobalSection
EndGlobal
